Microsoft Visual Studio Solution File, Format Version 12.00
# Visual Studio Version 17
VisualStudioVersion = 17.5.2.0
MinimumVisualStudioVersion = 10.0.40219.1
Project("{2150E333-8FDC-42A3-9474-1A3956D46DE8}") = "app", "app", "{F95F473B-E98A-ACD6-1986-755F447BE36F}"
EndProject
Project("{FAE04EC0-301F-11D3-BF4B-00C04F79EFBC}") = "TodoApi", "app\TodoApi.csproj", "{9B77BC89-C29C-73DF-3C88-6D31273678E1}"
EndProject
Global
	GlobalSection(SolutionConfigurationPlatforms) = preSolution
		Debug|Any CPU = Debug|Any CPU
		Release|Any CPU = Release|Any CPU
	EndGlobalSection
	GlobalSection(ProjectConfigurationPlatforms) = postSolution
		{9B77BC89-C29C-73DF-3C88-6D31273678E1}.Debug|Any CPU.ActiveCfg = Debug|Any CPU
		{9B77BC89-C29C-73DF-3C88-6D31273678E1}.Debug|Any CPU.Build.0 = Debug|Any CPU
		{9B77BC89-C29C-73DF-3C88-6D31273678E1}.Release|Any CPU.ActiveCfg = Release|Any CPU
		{9B77BC89-C29C-73DF-3C88-6D31273678E1}.Release|Any CPU.Build.0 = Release|Any CPU
	EndGlobalSection
	GlobalSection(SolutionProperties) = preSolution
		HideSolutionNode = FALSE
	EndGlobalSection
	GlobalSection(NestedProjects) = preSolution
		{9B77BC89-C29C-73DF-3C88-6D31273678E1} = {F95F473B-E98A-ACD6-1986-755F447BE36F}
	EndGlobalSection
	GlobalSection(ExtensibilityGlobals) = postSolution
		SolutionGuid = {780C2094-CBAC-45CD-A8D3-61CF31894AE0}
	EndGlobalSection
EndGlobal
